{
  "nodes": {
    "home-manager": {
      "inputs": {
        "nixpkgs": [
          "nixpkgs"
        ]
      },
      "locked": {
        "lastModified": 1754974548,
        "narHash": "sha256-XMjUjKD/QRPcqUnmSDczSYdw46SilnG0+wkho654DFM=",
        "owner": "nix-community",
        "repo": "home-manager",
        "rev": "27a26be51ff0162a8f67660239f9407dba68d7c5",
        "type": "github"
      },
      "original": {
        "owner": "nix-community",
        "repo": "home-manager",
        "type": "github"
      }
    },
    "nixpkgs": {
      "locked": {
        "lastModified": 1754725699,
        "narHash": "sha256-iAcj9T/Y+3DBy2J0N+yF9XQQQ8IEb5swLFzs23CdP88=",
        "owner": "nixos",
        "repo": "nixpkgs",
        "rev": "85dbfc7aaf52ecb755f87e577ddbe6dbbdbc1054",
        "type": "github"
      },
      "original": {
        "owner": "nixos",
        "ref": "nixos-unstable",
        "repo": "nixpkgs",
        "type": "github"
      }
    },
    "otter-launcher": {
      "inputs": {
        "nixpkgs": [
          "nixpkgs"
        ]
      },
      "locked": {
        "lastModified": 1755019904,
        "narHash": "sha256-NRtycTFEhrSZtU8UOb9cbhWbHuCkU1h0Y6HCvUiCpPM=",
        "path": "/home/jules/Programmation/Autres/otter-launcher",
        "type": "path"
      },
      "original": {
        "path": "/home/jules/Programmation/Autres/otter-launcher",
        "type": "path"
      }
    },
    "root": {
      "inputs": {
        "home-manager": "home-manager",
        "nixpkgs": "nixpkgs",
        "otter-launcher": "otter-launcher",
        "zen-browser": "zen-browser"
      }
    },
    "zen-browser": {
      "inputs": {
        "home-manager": [
          "home-manager"
        ],
        "nixpkgs": [
          "nixpkgs"
        ]
      },
      "locked": {
        "lastModified": 1754972926,
        "narHash": "sha256-2CEQSI3o7XWMc/DOdeNf6gTKjgGf8hHS0TB0HYPmSmA=",
        "owner": "0xc000022070",
        "repo": "zen-browser-flake",
        "rev": "508a7c0c5c993d237773be89f5ca91ff8c997b44",
        "type": "github"
      },
      "original": {
        "owner": "0xc000022070",
        "repo": "zen-browser-flake",
        "type": "github"
      }
    }
  },
  "root": "root",
  "version": 7
}
